
Microsoft Visual Studio Solution File, Format Version 12.00
# Visual Studio Version 17
VisualStudioVersion = 17.4.33205.214
MinimumVisualStudioVersion = 10.0.40219.1
Project("{FAE04EC0-301F-11D3-BF4B-00C04F79EFBC}") = "Session-16", "Session-16\Session-16.csproj", "{A5F5983C-F1B8-4B31-8550-EC6A7D387668}"
EndProject
Project("{FAE04EC0-301F-11D3-BF4B-00C04F79EFBC}") = "Session-16.Model", "Session-16.Model\Session-16.Model.csproj", "{E6DC6AED-A5FF-4A4A-88D3-342D6BAB5CBA}"
EndProject
Project("{FAE04EC0-301F-11D3-BF4B-00C04F79EFBC}") = "Session-16.Orm", "Session-16.Orm\Session-16.Orm.csproj", "{38E40E5A-D7A8-461F-A049-8FF0E83C1417}"
EndProject
Global
	GlobalSection(SolutionConfigurationPlatforms) = preSolution
		Debug|Any CPU = Debug|Any CPU
		Release|Any CPU = Release|Any CPU
	EndGlobalSection
	GlobalSection(ProjectConfigurationPlatforms) = postSolution
		{A5F5983C-F1B8-4B31-8550-EC6A7D387668}.Debug|Any CPU.ActiveCfg = Debug|Any CPU
		{A5F5983C-F1B8-4B31-8550-EC6A7D387668}.Debug|Any CPU.Build.0 = Debug|Any CPU
		{A5F5983C-F1B8-4B31-8550-EC6A7D387668}.Release|Any CPU.ActiveCfg = Release|Any CPU
		{A5F5983C-F1B8-4B31-8550-EC6A7D387668}.Release|Any CPU.Build.0 = Release|Any CPU
		{E6DC6AED-A5FF-4A4A-88D3-342D6BAB5CBA}.Debug|Any CPU.ActiveCfg = Debug|Any CPU
		{E6DC6AED-A5FF-4A4A-88D3-342D6BAB5CBA}.Debug|Any CPU.Build.0 = Debug|Any CPU
		{E6DC6AED-A5FF-4A4A-88D3-342D6BAB5CBA}.Release|Any CPU.ActiveCfg = Release|Any CPU
		{E6DC6AED-A5FF-4A4A-88D3-342D6BAB5CBA}.Release|Any CPU.Build.0 = Release|Any CPU
		{38E40E5A-D7A8-461F-A049-8FF0E83C1417}.Debug|Any CPU.ActiveCfg = Debug|Any CPU
		{38E40E5A-D7A8-461F-A049-8FF0E83C1417}.Debug|Any CPU.Build.0 = Debug|Any CPU
		{38E40E5A-D7A8-461F-A049-8FF0E83C1417}.Release|Any CPU.ActiveCfg = Release|Any CPU
		{38E40E5A-D7A8-461F-A049-8FF0E83C1417}.Release|Any CPU.Build.0 = Release|Any CPU
	EndGlobalSection
	GlobalSection(SolutionProperties) = preSolution
		HideSolutionNode = FALSE
	EndGlobalSection
	GlobalSection(ExtensibilityGlobals) = postSolution
		SolutionGuid = {DC0FF58C-FE08-4FF1-A941-C210B4B54D1A}
	EndGlobalSection
EndGlobal
